
Microsoft Visual Studio Solution File, Format Version 12.00
# Visual Studio Version 16
VisualStudioVersion = 16.0.32002.261
MinimumVisualStudioVersion = 10.0.40219.1
Project("{FAE04EC0-301F-11D3-BF4B-00C04F79EFBC}") = "GroceryExpenseTracker", "GroceryExpenseTracker.csproj", "{1452922F-8036-430A-B501-8D858B3E7C2B}"
EndProject
Global
	GlobalSection(SolutionConfigurationPlatforms) = preSolution
		Debug|Any CPU = Debug|Any CPU
		Release|Any CPU = Release|Any CPU
	EndGlobalSection
	GlobalSection(ProjectConfigurationPlatforms) = postSolution
		{1452922F-8036-430A-B501-8D858B3E7C2B}.Debug|Any CPU.ActiveCfg = Debug|Any CPU
		{1452922F-8036-430A-B501-8D858B3E7C2B}.Debug|Any CPU.Build.0 = Debug|Any CPU
		{1452922F-8036-430A-B501-8D858B3E7C2B}.Release|Any CPU.ActiveCfg = Release|Any CPU
		{1452922F-8036-430A-B501-8D858B3E7C2B}.Release|Any CPU.Build.0 = Release|Any CPU
	EndGlobalSection
	GlobalSection(SolutionProperties) = preSolution
		HideSolutionNode = FALSE
	EndGlobalSection
	GlobalSection(ExtensibilityGlobals) = postSolution
		SolutionGuid = {33FC11AE-5161-4DC7-BECB-3E1A0EE2010B}
	EndGlobalSection
EndGlobal
